
Microsoft Visual Studio Solution File, Format Version 12.00
# Visual Studio 14
VisualStudioVersion = 14.0.24720.0
MinimumVisualStudioVersion = 10.0.40219.1
Project("{D954291E-2A0B-460D-934E-DC6B0785DB48}") = "CSharpCode", "CSharpCode\CSharpCode.shproj", "{A11A8985-3C5C-4563-87C7-639C678CE345}"
EndProject
Global
	GlobalSection(SharedMSBuildProjectFiles) = preSolution
		CSharpCode\CSharpCode.projitems*{a11a8985-3c5c-4563-87c7-639c678ce345}*SharedItemsImports = 13
	EndGlobalSection
	GlobalSection(SolutionProperties) = preSolution
		HideSolutionNode = FALSE
	EndGlobalSection
EndGlobal
